
Microsoft Visual Studio Solution File, Format Version 12.00
# Visual Studio Version 16
VisualStudioVersion = 16.0.31005.135
MinimumVisualStudioVersion = 10.0.40219.1
Project("{FAE04EC0-301F-11D3-BF4B-00C04F79EFBC}") = "GHC2", "GHC2\GHC2.csproj", "{79E1C851-8DE2-4D49-AE06-99F91BAAB6E9}"
EndProject
Global
	GlobalSection(SolutionConfigurationPlatforms) = preSolution
		Debug|Any CPU = Debug|Any CPU
		Release|Any CPU = Release|Any CPU
	EndGlobalSection
	GlobalSection(ProjectConfigurationPlatforms) = postSolution
		{79E1C851-8DE2-4D49-AE06-99F91BAAB6E9}.Debug|Any CPU.ActiveCfg = Debug|Any CPU
		{79E1C851-8DE2-4D49-AE06-99F91BAAB6E9}.Debug|Any CPU.Build.0 = Debug|Any CPU
		{79E1C851-8DE2-4D49-AE06-99F91BAAB6E9}.Release|Any CPU.ActiveCfg = Release|Any CPU
		{79E1C851-8DE2-4D49-AE06-99F91BAAB6E9}.Release|Any CPU.Build.0 = Release|Any CPU
	EndGlobalSection
	GlobalSection(SolutionProperties) = preSolution
		HideSolutionNode = FALSE
	EndGlobalSection
	GlobalSection(ExtensibilityGlobals) = postSolution
		SolutionGuid = {7F7D1D5D-C17B-4B05-8B37-BEA3D96A452E}
	EndGlobalSection
EndGlobal
